
Microsoft Visual Studio Solution File, Format Version 12.00
# Visual Studio Version 17
VisualStudioVersion = 17.4.33205.214
MinimumVisualStudioVersion = 10.0.40219.1
Project("{888888A0-9F3D-457C-B088-3A5042F75D52}") = "Kontrolltõõ", "Kontrolltõõ.pyproj", "{B110AE31-4777-4D82-AC74-8CEB2E1E95D7}"
EndProject
Global
	GlobalSection(SolutionConfigurationPlatforms) = preSolution
		Debug|Any CPU = Debug|Any CPU
		Release|Any CPU = Release|Any CPU
	EndGlobalSection
	GlobalSection(ProjectConfigurationPlatforms) = postSolution
		{B110AE31-4777-4D82-AC74-8CEB2E1E95D7}.Debug|Any CPU.ActiveCfg = Debug|Any CPU
		{B110AE31-4777-4D82-AC74-8CEB2E1E95D7}.Release|Any CPU.ActiveCfg = Release|Any CPU
	EndGlobalSection
	GlobalSection(SolutionProperties) = preSolution
		HideSolutionNode = FALSE
	EndGlobalSection
	GlobalSection(ExtensibilityGlobals) = postSolution
		SolutionGuid = {E5148C16-05E4-404B-90C9-44F73F886FDB}
	EndGlobalSection
EndGlobal
